
Microsoft Visual Studio Solution File, Format Version 12.00
# Visual Studio Version 16
VisualStudioVersion = 16.0.29215.179
MinimumVisualStudioVersion = 10.0.40219.1
Project("{FAE04EC0-301F-11D3-BF4B-00C04F79EFBC}") = "AspNetCore.Mvc.UrlLocalization", "AspNetCore.Mvc.UrlLocalization\AspNetCore.Mvc.UrlLocalization.csproj", "{66365795-197B-4839-815B-2B84F350A296}"
EndProject
Global
	GlobalSection(SolutionConfigurationPlatforms) = preSolution
		Debug|Any CPU = Debug|Any CPU
		Release|Any CPU = Release|Any CPU
	EndGlobalSection
	GlobalSection(ProjectConfigurationPlatforms) = postSolution
		{66365795-197B-4839-815B-2B84F350A296}.Debug|Any CPU.ActiveCfg = Debug|Any CPU
		{66365795-197B-4839-815B-2B84F350A296}.Debug|Any CPU.Build.0 = Debug|Any CPU
		{66365795-197B-4839-815B-2B84F350A296}.Release|Any CPU.ActiveCfg = Release|Any CPU
		{66365795-197B-4839-815B-2B84F350A296}.Release|Any CPU.Build.0 = Release|Any CPU
	EndGlobalSection
	GlobalSection(SolutionProperties) = preSolution
		HideSolutionNode = FALSE
	EndGlobalSection
	GlobalSection(ExtensibilityGlobals) = postSolution
		SolutionGuid = {4BBAD9A1-1D47-4FA5-90CB-C56645AE5913}
	EndGlobalSection
EndGlobal
