
Microsoft Visual Studio Solution File, Format Version 12.00
# Visual Studio Version 16
VisualStudioVersion = 16.0.29209.152
MinimumVisualStudioVersion = 10.0.40219.1
Project("{9A19103F-16F7-4668-BE54-9A1E7A4F7556}") = "AspNetCore2.2FullFramework", "AspNetCore2.2FullFramework.csproj", "{0545403C-01B8-4DE7-82C5-BB16FB265257}"
EndProject
Project("{9A19103F-16F7-4668-BE54-9A1E7A4F7556}") = "AspNetCore.Mvc.UrlLocalization", "..\..\AspNetCore.Mvc.UrlLocalization\AspNetCore.Mvc.UrlLocalization.csproj", "{EC4D1700-3CAB-4799-B845-19D3627AA58C}"
EndProject
Global
	GlobalSection(SolutionConfigurationPlatforms) = preSolution
		Debug|Any CPU = Debug|Any CPU
		Release|Any CPU = Release|Any CPU
	EndGlobalSection
	GlobalSection(ProjectConfigurationPlatforms) = postSolution
		{0545403C-01B8-4DE7-82C5-BB16FB265257}.Debug|Any CPU.ActiveCfg = Debug|Any CPU
		{0545403C-01B8-4DE7-82C5-BB16FB265257}.Debug|Any CPU.Build.0 = Debug|Any CPU
		{0545403C-01B8-4DE7-82C5-BB16FB265257}.Release|Any CPU.ActiveCfg = Release|Any CPU
		{0545403C-01B8-4DE7-82C5-BB16FB265257}.Release|Any CPU.Build.0 = Release|Any CPU
		{EC4D1700-3CAB-4799-B845-19D3627AA58C}.Debug|Any CPU.ActiveCfg = Debug|Any CPU
		{EC4D1700-3CAB-4799-B845-19D3627AA58C}.Debug|Any CPU.Build.0 = Debug|Any CPU
		{EC4D1700-3CAB-4799-B845-19D3627AA58C}.Release|Any CPU.ActiveCfg = Release|Any CPU
		{EC4D1700-3CAB-4799-B845-19D3627AA58C}.Release|Any CPU.Build.0 = Release|Any CPU
	EndGlobalSection
	GlobalSection(SolutionProperties) = preSolution
		HideSolutionNode = FALSE
	EndGlobalSection
	GlobalSection(ExtensibilityGlobals) = postSolution
		SolutionGuid = {6C164AE4-9B56-48CE-B9F8-37EAC2B8D632}
	EndGlobalSection
EndGlobal
